{
  "name": "@xybersolve/xs-persist",
  "version": "0.0.4",
  "lockfileVersion": 1,
  "requires": true,
  "dependencies": {
    "@xybersolve/xs-dates": {
      "version": "0.0.4",
      "resolved": "https://registry.npmjs.org/@xybersolve/xs-dates/-/xs-dates-0.0.4.tgz",
      "integrity": "sha512-qZfsb75dhL6BqLAZbLQWe0vElo5zM84x1HYn8iGSgPCDoyLG6Flz3UZCWB4LFBd3ckuM/sBLhfueQZoM/LSWAA=="
    }
  }
}
